
Microsoft Visual Studio Solution File, Format Version 12.00
# Visual Studio Version 17
VisualStudioVersion = 17.5.33530.505
MinimumVisualStudioVersion = 10.0.40219.1
Project("{FAE04EC0-301F-11D3-BF4B-00C04F79EFBC}") = "WebApplication1", "WebApplication1\WebApplication1.csproj", "{12772CEB-6E33-4197-8CC7-B8C5027C0048}"
EndProject
Global
	GlobalSection(SolutionConfigurationPlatforms) = preSolution
		Debug|Any CPU = Debug|Any CPU
		Release|Any CPU = Release|Any CPU
	EndGlobalSection
	GlobalSection(ProjectConfigurationPlatforms) = postSolution
		{12772CEB-6E33-4197-8CC7-B8C5027C0048}.Debug|Any CPU.ActiveCfg = Debug|Any CPU
		{12772CEB-6E33-4197-8CC7-B8C5027C0048}.Debug|Any CPU.Build.0 = Debug|Any CPU
		{12772CEB-6E33-4197-8CC7-B8C5027C0048}.Release|Any CPU.ActiveCfg = Release|Any CPU
		{12772CEB-6E33-4197-8CC7-B8C5027C0048}.Release|Any CPU.Build.0 = Release|Any CPU
	EndGlobalSection
	GlobalSection(SolutionProperties) = preSolution
		HideSolutionNode = FALSE
	EndGlobalSection
	GlobalSection(ExtensibilityGlobals) = postSolution
		SolutionGuid = {3C83CE84-F041-44A2-A7DC-07475200D88C}
	EndGlobalSection
EndGlobal
